
Microsoft Visual Studio Solution File, Format Version 12.00
# Visual Studio Version 17
VisualStudioVersion = 17.0.31903.59
MinimumVisualStudioVersion = 10.0.40219.1
Project("{2150E333-8FDC-42A3-9474-1A3956D46DE8}") = "src", "src", "{16D68806-95C0-4EF6-9029-30FB1B41CDBE}"
EndProject
Project("{FAE04EC0-301F-11D3-BF4B-00C04F79EFBC}") = "Rac.Core", "src\Rac.Core\Rac.Core.csproj", "{3DC13F69-59D3-4179-AF6A-BAA759D7D445}"
EndProject
Project("{FAE04EC0-301F-11D3-BF4B-00C04F79EFBC}") = "Rac.Rendering", "src\Rac.Rendering\Rac.Rendering.csproj", "{7A86CE80-394C-4340-9364-23C3978B9989}"
EndProject
Project("{FAE04EC0-301F-11D3-BF4B-00C04F79EFBC}") = "Rac.Tools", "src\Rac.Tools\Rac.Tools.csproj", "{CC1769E1-E7A2-4D5D-96E9-AB91AFAB01D7}"
EndProject
Project("{FAE04EC0-301F-11D3-BF4B-00C04F79EFBC}") = "Rac.Animation", "src\Rac.Animation\Rac.Animation.csproj", "{93378B74-1EDF-48A2-A353-D692B1BF146B}"
EndProject
Project("{FAE04EC0-301F-11D3-BF4B-00C04F79EFBC}") = "Rac.Scripting", "src\Rac.Scripting\Rac.Scripting.csproj", "{1E8CC405-CDE9-47AF-A9FB-D030A37DBE72}"
EndProject
Project("{FAE04EC0-301F-11D3-BF4B-00C04F79EFBC}") = "Rac.Physics", "src\Rac.Physics\Rac.Physics.csproj", "{23550313-77FE-4154-90FD-7A5ADB006269}"
EndProject
Project("{FAE04EC0-301F-11D3-BF4B-00C04F79EFBC}") = "Rac.AI", "src\Rac.AI\Rac.AI.csproj", "{EE194788-89B1-491D-A868-ACAB88EA15D4}"
EndProject
Project("{FAE04EC0-301F-11D3-BF4B-00C04F79EFBC}") = "Rac.Input", "src\Rac.Input\Rac.Input.csproj", "{D82704CD-B5B9-445F-8C8B-E1A94D43B416}"
EndProject
Project("{FAE04EC0-301F-11D3-BF4B-00C04F79EFBC}") = "Rac.Networking", "src\Rac.Networking\Rac.Networking.csproj", "{54B619BD-ADF3-4CFC-AFA8-B3FD11B91D74}"
EndProject
Project("{FAE04EC0-301F-11D3-BF4B-00C04F79EFBC}") = "Rac.Audio", "src\Rac.Audio\Rac.Audio.csproj", "{24BD5903-0D00-47C7-9CA7-12D66990C243}"
EndProject
Project("{FAE04EC0-301F-11D3-BF4B-00C04F79EFBC}") = "Rac.Assets", "src\Rac.Assets\Rac.Assets.csproj", "{2EA24D82-2C93-4D04-B110-B7845BA3FFF6}"
EndProject
Project("{FAE04EC0-301F-11D3-BF4B-00C04F79EFBC}") = "Rac.ECS", "src\Rac.ECS\Rac.ECS.csproj", "{7FB4A448-70D4-459D-AB8C-95251ACEF658}"
EndProject
Project("{2150E333-8FDC-42A3-9474-1A3956D46DE8}") = "samples", "samples", "{4BA05353-0713-4E7A-9486-ECCF6B2BB2D4}"
EndProject
Project("{FAE04EC0-301F-11D3-BF4B-00C04F79EFBC}") = "SampleGame", "samples\SampleGame\SampleGame.csproj", "{3E09B0FD-7817-4CA8-8F98-4049C673508C}"
EndProject
Project("{FAE04EC0-301F-11D3-BF4B-00C04F79EFBC}") = "Rac.GameFramework", "Rac.GameFramework\Rac.GameFramework.csproj", "{31C4B866-14DD-479A-B93E-CBBEA764A038}"
EndProject
Global
	GlobalSection(SolutionConfigurationPlatforms) = preSolution
		Debug|Any CPU = Debug|Any CPU
		Release|Any CPU = Release|Any CPU
	EndGlobalSection
	GlobalSection(SolutionProperties) = preSolution
		HideSolutionNode = FALSE
	EndGlobalSection
	GlobalSection(ProjectConfigurationPlatforms) = postSolution
		{3DC13F69-59D3-4179-AF6A-BAA759D7D445}.Debug|Any CPU.ActiveCfg = Debug|Any CPU
		{3DC13F69-59D3-4179-AF6A-BAA759D7D445}.Debug|Any CPU.Build.0 = Debug|Any CPU
		{3DC13F69-59D3-4179-AF6A-BAA759D7D445}.Release|Any CPU.ActiveCfg = Release|Any CPU
		{3DC13F69-59D3-4179-AF6A-BAA759D7D445}.Release|Any CPU.Build.0 = Release|Any CPU
		{7A86CE80-394C-4340-9364-23C3978B9989}.Debug|Any CPU.ActiveCfg = Debug|Any CPU
		{7A86CE80-394C-4340-9364-23C3978B9989}.Debug|Any CPU.Build.0 = Debug|Any CPU
		{7A86CE80-394C-4340-9364-23C3978B9989}.Release|Any CPU.ActiveCfg = Release|Any CPU
		{7A86CE80-394C-4340-9364-23C3978B9989}.Release|Any CPU.Build.0 = Release|Any CPU
		{CC1769E1-E7A2-4D5D-96E9-AB91AFAB01D7}.Debug|Any CPU.ActiveCfg = Debug|Any CPU
		{CC1769E1-E7A2-4D5D-96E9-AB91AFAB01D7}.Debug|Any CPU.Build.0 = Debug|Any CPU
		{CC1769E1-E7A2-4D5D-96E9-AB91AFAB01D7}.Release|Any CPU.ActiveCfg = Release|Any CPU
		{CC1769E1-E7A2-4D5D-96E9-AB91AFAB01D7}.Release|Any CPU.Build.0 = Release|Any CPU
		{93378B74-1EDF-48A2-A353-D692B1BF146B}.Debug|Any CPU.ActiveCfg = Debug|Any CPU
		{93378B74-1EDF-48A2-A353-D692B1BF146B}.Debug|Any CPU.Build.0 = Debug|Any CPU
		{93378B74-1EDF-48A2-A353-D692B1BF146B}.Release|Any CPU.ActiveCfg = Release|Any CPU
		{93378B74-1EDF-48A2-A353-D692B1BF146B}.Release|Any CPU.Build.0 = Release|Any CPU
		{1E8CC405-CDE9-47AF-A9FB-D030A37DBE72}.Debug|Any CPU.ActiveCfg = Debug|Any CPU
		{1E8CC405-CDE9-47AF-A9FB-D030A37DBE72}.Debug|Any CPU.Build.0 = Debug|Any CPU
		{1E8CC405-CDE9-47AF-A9FB-D030A37DBE72}.Release|Any CPU.ActiveCfg = Release|Any CPU
		{1E8CC405-CDE9-47AF-A9FB-D030A37DBE72}.Release|Any CPU.Build.0 = Release|Any CPU
		{23550313-77FE-4154-90FD-7A5ADB006269}.Debug|Any CPU.ActiveCfg = Debug|Any CPU
		{23550313-77FE-4154-90FD-7A5ADB006269}.Debug|Any CPU.Build.0 = Debug|Any CPU
		{23550313-77FE-4154-90FD-7A5ADB006269}.Release|Any CPU.ActiveCfg = Release|Any CPU
		{23550313-77FE-4154-90FD-7A5ADB006269}.Release|Any CPU.Build.0 = Release|Any CPU
		{EE194788-89B1-491D-A868-ACAB88EA15D4}.Debug|Any CPU.ActiveCfg = Debug|Any CPU
		{EE194788-89B1-491D-A868-ACAB88EA15D4}.Debug|Any CPU.Build.0 = Debug|Any CPU
		{EE194788-89B1-491D-A868-ACAB88EA15D4}.Release|Any CPU.ActiveCfg = Release|Any CPU
		{EE194788-89B1-491D-A868-ACAB88EA15D4}.Release|Any CPU.Build.0 = Release|Any CPU
		{D82704CD-B5B9-445F-8C8B-E1A94D43B416}.Debug|Any CPU.ActiveCfg = Debug|Any CPU
		{D82704CD-B5B9-445F-8C8B-E1A94D43B416}.Debug|Any CPU.Build.0 = Debug|Any CPU
		{D82704CD-B5B9-445F-8C8B-E1A94D43B416}.Release|Any CPU.ActiveCfg = Release|Any CPU
		{D82704CD-B5B9-445F-8C8B-E1A94D43B416}.Release|Any CPU.Build.0 = Release|Any CPU
		{54B619BD-ADF3-4CFC-AFA8-B3FD11B91D74}.Debug|Any CPU.ActiveCfg = Debug|Any CPU
		{54B619BD-ADF3-4CFC-AFA8-B3FD11B91D74}.Debug|Any CPU.Build.0 = Debug|Any CPU
		{54B619BD-ADF3-4CFC-AFA8-B3FD11B91D74}.Release|Any CPU.ActiveCfg = Release|Any CPU
		{54B619BD-ADF3-4CFC-AFA8-B3FD11B91D74}.Release|Any CPU.Build.0 = Release|Any CPU
		{24BD5903-0D00-47C7-9CA7-12D66990C243}.Debug|Any CPU.ActiveCfg = Debug|Any CPU
		{24BD5903-0D00-47C7-9CA7-12D66990C243}.Debug|Any CPU.Build.0 = Debug|Any CPU
		{24BD5903-0D00-47C7-9CA7-12D66990C243}.Release|Any CPU.ActiveCfg = Release|Any CPU
		{24BD5903-0D00-47C7-9CA7-12D66990C243}.Release|Any CPU.Build.0 = Release|Any CPU
		{2EA24D82-2C93-4D04-B110-B7845BA3FFF6}.Debug|Any CPU.ActiveCfg = Debug|Any CPU
		{2EA24D82-2C93-4D04-B110-B7845BA3FFF6}.Debug|Any CPU.Build.0 = Debug|Any CPU
		{2EA24D82-2C93-4D04-B110-B7845BA3FFF6}.Release|Any CPU.ActiveCfg = Release|Any CPU
		{2EA24D82-2C93-4D04-B110-B7845BA3FFF6}.Release|Any CPU.Build.0 = Release|Any CPU
		{7FB4A448-70D4-459D-AB8C-95251ACEF658}.Debug|Any CPU.ActiveCfg = Debug|Any CPU
		{7FB4A448-70D4-459D-AB8C-95251ACEF658}.Debug|Any CPU.Build.0 = Debug|Any CPU
		{7FB4A448-70D4-459D-AB8C-95251ACEF658}.Release|Any CPU.ActiveCfg = Release|Any CPU
		{7FB4A448-70D4-459D-AB8C-95251ACEF658}.Release|Any CPU.Build.0 = Release|Any CPU
		{3E09B0FD-7817-4CA8-8F98-4049C673508C}.Debug|Any CPU.ActiveCfg = Debug|Any CPU
		{3E09B0FD-7817-4CA8-8F98-4049C673508C}.Debug|Any CPU.Build.0 = Debug|Any CPU
		{3E09B0FD-7817-4CA8-8F98-4049C673508C}.Release|Any CPU.ActiveCfg = Release|Any CPU
		{3E09B0FD-7817-4CA8-8F98-4049C673508C}.Release|Any CPU.Build.0 = Release|Any CPU
		{31C4B866-14DD-479A-B93E-CBBEA764A038}.Debug|Any CPU.ActiveCfg = Debug|Any CPU
		{31C4B866-14DD-479A-B93E-CBBEA764A038}.Debug|Any CPU.Build.0 = Debug|Any CPU
		{31C4B866-14DD-479A-B93E-CBBEA764A038}.Release|Any CPU.ActiveCfg = Release|Any CPU
		{31C4B866-14DD-479A-B93E-CBBEA764A038}.Release|Any CPU.Build.0 = Release|Any CPU
	EndGlobalSection
	GlobalSection(NestedProjects) = preSolution
		{3DC13F69-59D3-4179-AF6A-BAA759D7D445} = {16D68806-95C0-4EF6-9029-30FB1B41CDBE}
		{7A86CE80-394C-4340-9364-23C3978B9989} = {16D68806-95C0-4EF6-9029-30FB1B41CDBE}
		{CC1769E1-E7A2-4D5D-96E9-AB91AFAB01D7} = {16D68806-95C0-4EF6-9029-30FB1B41CDBE}
		{93378B74-1EDF-48A2-A353-D692B1BF146B} = {16D68806-95C0-4EF6-9029-30FB1B41CDBE}
		{1E8CC405-CDE9-47AF-A9FB-D030A37DBE72} = {16D68806-95C0-4EF6-9029-30FB1B41CDBE}
		{23550313-77FE-4154-90FD-7A5ADB006269} = {16D68806-95C0-4EF6-9029-30FB1B41CDBE}
		{EE194788-89B1-491D-A868-ACAB88EA15D4} = {16D68806-95C0-4EF6-9029-30FB1B41CDBE}
		{D82704CD-B5B9-445F-8C8B-E1A94D43B416} = {16D68806-95C0-4EF6-9029-30FB1B41CDBE}
		{54B619BD-ADF3-4CFC-AFA8-B3FD11B91D74} = {16D68806-95C0-4EF6-9029-30FB1B41CDBE}
		{24BD5903-0D00-47C7-9CA7-12D66990C243} = {16D68806-95C0-4EF6-9029-30FB1B41CDBE}
		{2EA24D82-2C93-4D04-B110-B7845BA3FFF6} = {16D68806-95C0-4EF6-9029-30FB1B41CDBE}
		{7FB4A448-70D4-459D-AB8C-95251ACEF658} = {16D68806-95C0-4EF6-9029-30FB1B41CDBE}
		{3E09B0FD-7817-4CA8-8F98-4049C673508C} = {4BA05353-0713-4E7A-9486-ECCF6B2BB2D4}
		{31C4B866-14DD-479A-B93E-CBBEA764A038} = {16D68806-95C0-4EF6-9029-30FB1B41CDBE}
	EndGlobalSection
EndGlobal
